{
  "name": "stackblitz-starters-5yvwngyd",
  "lockfileVersion": 3,
  "requires": true,
  "packages": {
    "": {
      "dependencies": {
        "react-player": "^3.4.0"
      }
    },
    "node_modules/@mux/mux-data-google-ima": {
      "version": "0.3.17",
      "resolved": "https://registry.npmjs.org/@mux/mux-data-google-ima/-/mux-data-google-ima-0.3.17.tgz",
      "integrity": "sha512-4wpH6dYybyZhqLn9qGn/+67Z8MZnQRAdqTFEEZw2bx61M9q01uPYYHxd8qwOnYtUGEeafsdTwVHVxKHGD3oc1A==",
      "license": "MIT",
      "dependencies": {
        "mux-embed": "5.18.1"
      }
    },
    "node_modules/@mux/mux-player": {
      "version": "3.13.0",
      "resolved": "https://registry.npmjs.org/@mux/mux-player/-/mux-player-3.13.0.tgz",
      "integrity": "sha512-vh4CIMahUa29gys+mlfsOFKYKAKXxE07jSWk9WZxkdpGBW1fKfCQXlNxBoAIQlPa9Uk4MZuM3HVgqdW6aTuaZg==",
      "license": "MIT",
      "dependencies": {
        "@mux/mux-video": "0.31.0",
        "@mux/playback-core": "0.35.0",
        "media-chrome": "~4.19.0",
        "player.style": "^0.3.0"
      }
    },
    "node_modules/@mux/mux-player-react": {
      "version": "3.13.0",
      "resolved": "https://registry.npmjs.org/@mux/mux-player-react/-/mux-player-react-3.13.0.tgz",
      "integrity": "sha512-7IkImo1H3rUYeuWHI/L0L7sGUqBvZCvptx3+4igc+P/V3WgqNFjOyQlcyxzxgXNtNNhGmkn5NaF3TU9DPbOmAQ==",
      "license": "MIT",
      "dependencies": {
        "@mux/mux-player": "3.13.0",
        "@mux/playback-core": "0.35.0",
        "prop-types": "^15.8.1"
      },
      "peerDependencies": {
        "@types/react": "^17.0.0 || ^17.0.0-0 || ^18 || ^18.0.0-0 || ^19 || ^19.0.0-0",
        "react": "^17.0.2 || ^17.0.0-0 || ^18 || ^18.0.0-0 || ^19 || ^19.0.0-0",
        "react-dom": "^17.0.2 || ^17.0.2-0 || ^18 || ^18.0.0-0 || ^19 || ^19.0.0-0"
      },
      "peerDependenciesMeta": {
        "@types/react": {
          "optional": true
        },
        "@types/react-dom": {
          "optional": true
        }
      }
    },
    "node_modules/@mux/mux-video": {
      "version": "0.31.0",
      "resolved": "https://registry.npmjs.org/@mux/mux-video/-/mux-video-0.31.0.tgz",
      "integrity": "sha512-DvO2GynIJhPDc0LMuWvC144lCF+E07NI+chrg/vcRQlCf2fPdNNqCSMoaRdWu2S2v/Orsc85giT9K6GRbjbzgA==",
      "license": "MIT",
      "dependencies": {
        "@mux/mux-data-google-ima": "^0.3.4",
        "@mux/playback-core": "0.35.0",
        "castable-video": "~1.1.13",
        "custom-media-element": "~1.4.6",
        "media-tracks": "~0.3.5"
      }
    },
    "node_modules/@mux/playback-core": {
      "version": "0.35.0",
      "resolved": "https://registry.npmjs.org/@mux/playback-core/-/playback-core-0.35.0.tgz",
      "integrity": "sha512-7Zi1EJ9sQNIUlQVBjJCXV0CB+rUVEsU3vNRElRV4xnD7dbpoioIAhe1SjZNBifjnK5aBKLDwQHypbnL3Cw3a5A==",
      "license": "MIT",
      "dependencies": {
        "hls.js": "~1.6.15",
        "mux-embed": "^5.16.1"
      }
    },
    "node_modules/@svta/cml-608": {
      "version": "1.0.2",
      "resolved": "https://registry.npmjs.org/@svta/cml-608/-/cml-608-1.0.2.tgz",
      "integrity": "sha512-ZEJ68330gcLKfvVv6Qifr1HR7+GldDUxzkjqSbqRK7jHtHSLSV1JAyDwlYe8+C7ABuY1bp8MpgJ4/Gg+jl+pLQ==",
      "license": "Apache-2.0",
      "engines": {
        "node": ">=20"
      }
    },
    "node_modules/@svta/cml-cmcd": {
      "version": "2.3.2",
      "resolved": "https://registry.npmjs.org/@svta/cml-cmcd/-/cml-cmcd-2.3.2.tgz",
      "integrity": "sha512-SKBBjLmci0WK8HMjuv+36tVIMktonoOoxsXblOFZmB+ePPV2zjRMTD+2ZmE/1VEPJkKHENyhSjSHgJyeOlvZ1A==",
      "license": "Apache-2.0",
      "engines": {
        "node": ">=20"
      },
      "peerDependencies": {
        "@svta/cml-structured-field-values": "1.1.3",
        "@svta/cml-utils": "1.5.0"
      }
    },
    "node_modules/@svta/cml-cmsd": {
      "version": "1.0.6",
      "resolved": "https://registry.npmjs.org/@svta/cml-cmsd/-/cml-cmsd-1.0.6.tgz",
      "integrity": "sha512-LUORV6bb0TbU4rSC2HoPqUCix1igLrXkRQXWiIyJo2OMzb14kAK/1jsW0mzY6up6w1GrjKQcjc6OwqJdo/zd/g==",
      "license": "Apache-2.0",
      "engines": {
        "node": ">=20"
      },
      "peerDependencies": {
        "@svta/cml-cta": "1.0.6",
        "@svta/cml-structured-field-values": "1.1.3",
        "@svta/cml-utils": "1.5.0"
      }
    },
    "node_modules/@svta/cml-cta": {
      "version": "1.0.6",
      "resolved": "https://registry.npmjs.org/@svta/cml-cta/-/cml-cta-1.0.6.tgz",
      "integrity": "sha512-l13/4myTX1EbRd38nY8J1umVY5UdR/nZO6CeKqVLXnMMIayg7/fu0TueZckjTA9Loal55MGK1xbHnXVjz7OUUw==",
      "license": "Apache-2.0",
      "peer": true,
      "engines": {
        "node": ">=20"
      },
      "peerDependencies": {
        "@svta/cml-structured-field-values": "1.1.3",
        "@svta/cml-utils": "1.5.0"
      }
    },
    "node_modules/@svta/cml-dash": {
      "version": "1.0.6",
      "resolved": "https://registry.npmjs.org/@svta/cml-dash/-/cml-dash-1.0.6.tgz",
      "integrity": "sha512-4XtHYlPrzL/dRe/8XmRQoLnTo9S86tISgrl67eUqKl5MtNTpZBYTncuPrspslPZPZROBBWNrBuepYfYUtU9CKA==",
      "license": "Apache-2.0",
      "engines": {
        "node": ">=20"
      },
      "peerDependencies": {
        "@svta/cml-utils": "1.5.0"
      }
    },
    "node_modules/@svta/cml-id3": {
      "version": "1.0.6",
      "resolved": "https://registry.npmjs.org/@svta/cml-id3/-/cml-id3-1.0.6.tgz",
      "integrity": "sha512-63j8gkAnPOmOBWlp0hIZPvsIioZttdbg6/TgwITqMYbSLYVJ+6QGa/UtIP0I84NsfstANw6QdCn7i8SS08kn1A==",
      "license": "Apache-2.0",
      "engines": {
        "node": ">=20"
      },
      "peerDependencies": {
        "@svta/cml-utils": "1.5.0"
      }
    },
    "node_modules/@svta/cml-request": {
      "version": "1.0.12",
      "resolved": "https://registry.npmjs.org/@svta/cml-request/-/cml-request-1.0.12.tgz",
      "integrity": "sha512-4sJvnnoNpq58j2mCGP8k+MF6wVy/qa4gbt6kfT1dPIKmn3mPxw+JVfilhcWsUi+peK2yCZxOJJYyHj1cAcQE1w==",
      "license": "Apache-2.0",
      "engines": {
        "node": ">=20"
      },
      "peerDependencies": {
        "@svta/cml-cmcd": "2.3.2",
        "@svta/cml-utils": "1.5.0",
        "@svta/cml-xml": "1.1.4"
      }
    },
    "node_modules/@svta/cml-structured-field-values": {
      "version": "1.1.3",
      "resolved": "https://registry.npmjs.org/@svta/cml-structured-field-values/-/cml-structured-field-values-1.1.3.tgz",
      "integrity": "sha512-XqLzQOTznz6kh/nsSh8dy1kV7GQjL4csG+2U5EvLGhAqNuNUczbVg5EAsDobKDVg8xhdthdXx2UuwM+ZHQCxSg==",
      "license": "Apache-2.0",
      "peer": true,
      "engines": {
        "node": ">=20"
      },
      "peerDependencies": {
        "@svta/cml-utils": "1.5.0"
      }
    },
    "node_modules/@svta/cml-utils": {
      "version": "1.5.0",
      "resolved": "https://registry.npmjs.org/@svta/cml-utils/-/cml-utils-1.5.0.tgz",
      "integrity": "sha512-JMqclD7Akd+GSJiuaYNUHOP2wNtf/nauKeszlYeivSHfi0Lp3pmSW5PXDvJ2dO4aPmmSOQbF0ztTsW9Vcs2Whw==",
      "license": "Apache-2.0",
      "peer": true,
      "engines": {
        "node": ">=20"
      }
    },
    "node_modules/@svta/cml-xml": {
      "version": "1.1.4",
      "resolved": "https://registry.npmjs.org/@svta/cml-xml/-/cml-xml-1.1.4.tgz",
      "integrity": "sha512-jbixqjiJIc16SGxylHwiOzO+DuhkGfuP+fJ9AHeVJKdFDKnabgfCDpnp6dvZpZnjMj4nHvzVtuUV7RISPIwYXw==",
      "license": "Apache-2.0",
      "engines": {
        "node": ">=20"
      },
      "peerDependencies": {
        "@svta/cml-utils": "1.5.0"
      }
    },
    "node_modules/@types/react": {
      "version": "19.2.17",
      "resolved": "https://registry.npmjs.org/@types/react/-/react-19.2.17.tgz",
      "integrity": "sha512-MXfmqaVPEVgkBT/aY0aGCkRWWtByiYQXo3xdQ8r5RzuFrPiRn8Gar2tQdXSUQ2GKV3bkXckek89V8wQBY2Q/Aw==",
      "license": "MIT",
      "peer": true,
      "dependencies": {
        "csstype": "^3.2.2"
      }
    },
    "node_modules/@vimeo/player": {
      "version": "2.29.0",
      "resolved": "https://registry.npmjs.org/@vimeo/player/-/player-2.29.0.tgz",
      "integrity": "sha512-9JjvjeqUndb9otCCFd0/+2ESsLk7VkDE6sxOBy9iy2ukezuQbplVRi+g9g59yAurKofbmTi/KcKxBGO/22zWRw==",
      "license": "MIT",
      "dependencies": {
        "native-promise-only": "0.8.1",
        "weakmap-polyfill": "2.0.4"
      }
    },
    "node_modules/bcp-47-match": {
      "version": "2.0.3",
      "resolved": "https://registry.npmjs.org/bcp-47-match/-/bcp-47-match-2.0.3.tgz",
      "integrity": "sha512-JtTezzbAibu8G0R9op9zb3vcWZd9JF6M0xOYGPn0fNCd7wOpRB1mU2mH9T8gaBGbAAyIIVgB2G7xG0GP98zMAQ==",
      "license": "MIT",
      "funding": {
        "type": "github",
        "url": "https://github.com/sponsors/wooorm"
      }
    },
    "node_modules/castable-video": {
      "version": "1.1.16",
      "resolved": "https://registry.npmjs.org/castable-video/-/castable-video-1.1.16.tgz",
      "integrity": "sha512-wBhe2dZu2afhewL3EaGgVYTyDsa9HvNhY98clMZkNzDrLelOValSrTaoMos9YX7PPBCrgpd1j6YmNyyI2Vbq3w==",
      "license": "MIT",
      "dependencies": {
        "custom-media-element": "~1.4.6"
      }
    },
    "node_modules/ce-la-react": {
      "version": "0.3.2",
      "resolved": "https://registry.npmjs.org/ce-la-react/-/ce-la-react-0.3.2.tgz",
      "integrity": "sha512-QJ6k4lOD/btI08xG8jBPxRCGXvCnusGGkTsiXk0u3NqUu/W+BXRnFD4PYjwtqh8AWmGa5LDbGk0fLQsqr0nSMA==",
      "license": "BSD-3-Clause",
      "peerDependencies": {
        "react": ">=17.0.0"
      }
    },
    "node_modules/cloudflare-video-element": {
      "version": "1.3.5",
      "resolved": "https://registry.npmjs.org/cloudflare-video-element/-/cloudflare-video-element-1.3.5.tgz",
      "integrity": "sha512-zj9gjJa6xW8MNrfc4oKuwgGS0njRLpOlQjdifbuNxvy8k4Y3pKCyKCMG2XIsjd2iQGhgjS57b1P5VWdJlxcXBw==",
      "license": "MIT"
    },
    "node_modules/codem-isoboxer": {
      "version": "0.3.10",
      "resolved": "https://registry.npmjs.org/codem-isoboxer/-/codem-isoboxer-0.3.10.tgz",
      "integrity": "sha512-eNk3TRV+xQMJ1PEj0FQGY8KD4m0GPxT487XJ+Iftm7mVa9WpPFDMWqPt+46buiP5j5Wzqe5oMIhqBcAeKfygSA==",
      "license": "MIT"
    },
    "node_modules/csstype": {
      "version": "3.2.3",
      "resolved": "https://registry.npmjs.org/csstype/-/csstype-3.2.3.tgz",
      "integrity": "sha512-z1HGKcYy2xA8AGQfwrn0PAy+PB7X/GSj3UVJW9qKyn43xWa+gl5nXmU4qqLMRzWVLFC8KusUX8T/0kCiOYpAIQ==",
      "license": "MIT",
      "peer": true
    },
    "node_modules/custom-media-element": {
      "version": "1.4.6",
      "resolved": "https://registry.npmjs.org/custom-media-element/-/custom-media-element-1.4.6.tgz",
      "integrity": "sha512-/HRYqJOa1ob5ik4q7FIJVYxTJCFs/FL3+cQPAJjUf2uiqrDEzbTgB315gQ2rG8oK3w094W9m5tcB8S5Qah+caA==",
      "license": "MIT"
    },
    "node_modules/dash-video-element": {
      "version": "0.3.2",
      "resolved": "https://registry.npmjs.org/dash-video-element/-/dash-video-element-0.3.2.tgz",
      "integrity": "sha512-eN1IqgtTAbq4zVkbt82BDwQtybQ6WOXyQU5HbftUSnqo+SHAPbZCif1Y7uViAhgvuEPvZtbiXDiacvvTeGxc/g==",
      "license": "MIT",
      "dependencies": {
        "custom-media-element": "^1.4.6",
        "dashjs": "^5.0.3",
        "media-tracks": "^0.3.5"
      }
    },
    "node_modules/dashjs": {
      "version": "5.2.0",
      "resolved": "https://registry.npmjs.org/dashjs/-/dashjs-5.2.0.tgz",
      "integrity": "sha512-2W2KHFN53Sk7+rtdnIfSUK/3Oov+hraMTeVZwDOTSCNKM1cQtFiJdblNzRMnl59a/QDseG7JW+PC9mh/B+CMcg==",
      "license": "BSD-3-Clause",
      "dependencies": {
        "@svta/cml-608": "1.0.2",
        "@svta/cml-cmcd": "2.3.2",
        "@svta/cml-cmsd": "1.0.6",
        "@svta/cml-dash": "1.0.6",
        "@svta/cml-id3": "1.0.6",
        "@svta/cml-request": "1.0.12",
        "@svta/cml-xml": "1.1.4",
        "bcp-47-match": "^2.0.3",
        "codem-isoboxer": "0.3.10",
        "fast-deep-equal": "3.1.3",
        "html-entities": "^2.6.0",
        "imsc": "^1.1.5",
        "localforage": "^1.10.0",
        "path-browserify": "^1.0.1"
      },
      "engines": {
        "node": ">=20"
      }
    },
    "node_modules/fast-deep-equal": {
      "version": "3.1.3",
      "resolved": "https://registry.npmjs.org/fast-deep-equal/-/fast-deep-equal-3.1.3.tgz",
      "integrity": "sha512-f3qQ9oQy9j2AhBe/H9VC91wLmKBCCU/gDOnKNAYG5hswO7BLKj09Hc5HYNz9cGI++xlpDCIgDaitVs03ATR84Q==",
      "license": "MIT"
    },
    "node_modules/hls-video-element": {
      "version": "1.5.11",
      "resolved": "https://registry.npmjs.org/hls-video-element/-/hls-video-element-1.5.11.tgz",
      "integrity": "sha512-tJJ65/52CDxj8XFyIve6zT9nVVdUIc6mqvKR25X0ycPKHk07rpjp4xxVteeCefDUBSf/tFLhlICFmn3KWj37xA==",
      "license": "MIT",
      "dependencies": {
        "custom-media-element": "^1.4.6",
        "hls.js": "^1.6.5",
        "media-tracks": "^0.3.5"
      }
    },
    "node_modules/hls.js": {
      "version": "1.6.16",
      "resolved": "https://registry.npmjs.org/hls.js/-/hls.js-1.6.16.tgz",
      "integrity": "sha512-VSIRpLfRwlAAdGL4wiTucx2ScRipo0ed1FBatWkyt832jC4CReKstga6yIhYVwGu9LOBjuX9wzmRMeQdBJtzEA==",
      "license": "Apache-2.0"
    },
    "node_modules/html-entities": {
      "version": "2.6.0",
      "resolved": "https://registry.npmjs.org/html-entities/-/html-entities-2.6.0.tgz",
      "integrity": "sha512-kig+rMn/QOVRvr7c86gQ8lWXq+Hkv6CbAH1hLu+RG338StTpE8Z0b44SDVaqVu7HGKf27frdmUYEs9hTUX/cLQ==",
      "funding": [
        {
          "type": "github",
          "url": "https://github.com/sponsors/mdevils"
        },
        {
          "type": "patreon",
          "url": "https://patreon.com/mdevils"
        }
      ],
      "license": "MIT"
    },
    "node_modules/immediate": {
      "version": "3.0.6",
      "resolved": "https://registry.npmjs.org/immediate/-/immediate-3.0.6.tgz",
      "integrity": "sha512-XXOFtyqDjNDAQxVfYxuF7g9Il/IbWmmlQg2MYKOH8ExIT1qg6xc4zyS3HaEEATgs1btfzxq15ciUiY7gjSXRGQ==",
      "license": "MIT"
    },
    "node_modules/imsc": {
      "version": "1.1.5",
      "resolved": "https://registry.npmjs.org/imsc/-/imsc-1.1.5.tgz",
      "integrity": "sha512-V8je+CGkcvGhgl2C1GlhqFFiUOIEdwXbXLiu1Fcubvvbo+g9inauqT3l0pNYXGoLPBj3jxtZz9t+wCopMkwadQ==",
      "license": "BSD-2-Clause",
      "dependencies": {
        "sax": "1.2.1"
      }
    },
    "node_modules/js-tokens": {
      "version": "4.0.0",
      "resolved": "https://registry.npmjs.org/js-tokens/-/js-tokens-4.0.0.tgz",
      "integrity": "sha512-RdJUflcE3cUzKiMqQgsCu06FPu9UdIJO0beYbPhHN4k6apgJtifcoCtT9bcxOpYBtpD2kCM6Sbzg4CausW/PKQ==",
      "license": "MIT"
    },
    "node_modules/lie": {
      "version": "3.1.1",
      "resolved": "https://registry.npmjs.org/lie/-/lie-3.1.1.tgz",
      "integrity": "sha512-RiNhHysUjhrDQntfYSfY4MU24coXXdEOgw9WGcKHNeEwffDYbF//u87M1EWaMGzuFoSbqW0C9C6lEEhDOAswfw==",
      "license": "MIT",
      "dependencies": {
        "immediate": "~3.0.5"
      }
    },
    "node_modules/localforage": {
      "version": "1.10.0",
      "resolved": "https://registry.npmjs.org/localforage/-/localforage-1.10.0.tgz",
      "integrity": "sha512-14/H1aX7hzBBmmh7sGPd+AOMkkIrHM3Z1PAyGgZigA1H1p5O5ANnMyWzvpAETtG68/dC4pC0ncy3+PPGzXZHPg==",
      "license": "Apache-2.0",
      "dependencies": {
        "lie": "3.1.1"
      }
    },
    "node_modules/loose-envify": {
      "version": "1.4.0",
      "resolved": "https://registry.npmjs.org/loose-envify/-/loose-envify-1.4.0.tgz",
      "integrity": "sha512-lyuxPGr/Wfhrlem2CL/UcnUc1zcqKAImBDzukY7Y5F/yQiNdko6+fRLevlw1HgMySw7f611UIY408EtxRSoK3Q==",
      "license": "MIT",
      "dependencies": {
        "js-tokens": "^3.0.0 || ^4.0.0"
      },
      "bin": {
        "loose-envify": "cli.js"
      }
    },
    "node_modules/media-chrome": {
      "version": "4.19.2",
      "resolved": "https://registry.npmjs.org/media-chrome/-/media-chrome-4.19.2.tgz",
      "integrity": "sha512-4ai1ITN8wBhwugQcRgqe3tN0z6OSKGOXqHLNrS04MgKFfsLqu6Dm8MPq02pI9Y9ZKoXtFjIl85jOryIW9es3BA==",
      "license": "MIT",
      "dependencies": {
        "ce-la-react": "^0.3.2"
      }
    },
    "node_modules/media-played-ranges-mixin": {
      "version": "0.1.0",
      "resolved": "https://registry.npmjs.org/media-played-ranges-mixin/-/media-played-ranges-mixin-0.1.0.tgz",
      "integrity": "sha512-zTsvkleu5sAyTsPVxDI+KUbCwy/lXwHgOPi3ER9S3lhtAWhGTQH6qxvfrVMym1cvoLU36SPbVr6Qe8Zxyc0WpA==",
      "license": "MIT"
    },
    "node_modules/media-tracks": {
      "version": "0.3.5",
      "resolved": "https://registry.npmjs.org/media-tracks/-/media-tracks-0.3.5.tgz",
      "integrity": "sha512-l54rkKXlLBt3ob3zOLWHcnjvwUmX5bNEZ70igyapOZZC9imzqBmq1oz8p2roiV04KhjblFIi2hetLPF1oYVLRA==",
      "license": "MIT"
    },
    "node_modules/mux-embed": {
      "version": "5.18.1",
      "resolved": "https://registry.npmjs.org/mux-embed/-/mux-embed-5.18.1.tgz",
      "integrity": "sha512-ePsHjiEKY+FgrSBiMmaF+LOtTQSSBWv/1zqpREQFN96JE93xlsArT/MEi30yKOE06MgjOlL70YI750molu3y7g==",
      "license": "MIT"
    },
    "node_modules/native-promise-only": {
      "version": "0.8.1",
      "resolved": "https://registry.npmjs.org/native-promise-only/-/native-promise-only-0.8.1.tgz",
      "integrity": "sha512-zkVhZUA3y8mbz652WrL5x0fB0ehrBkulWT3TomAQ9iDtyXZvzKeEA6GPxAItBYeNYl5yngKRX612qHOhvMkDeg==",
      "license": "MIT"
    },
    "node_modules/object-assign": {
      "version": "4.1.1",
      "resolved": "https://registry.npmjs.org/object-assign/-/object-assign-4.1.1.tgz",
      "integrity": "sha512-rJgTQnkUnH1sFw8yT6VSU3zD3sWmu6sZhIseY8VX+GRu3P6F7Fu+JNDoXfklElbLJSnc3FUQHVe4cU5hj+BcUg==",
      "license": "MIT",
      "engines": {
        "node": ">=0.10.0"
      }
    },
    "node_modules/path-browserify": {
      "version": "1.0.1",
      "resolved": "https://registry.npmjs.org/path-browserify/-/path-browserify-1.0.1.tgz",
      "integrity": "sha512-b7uo2UCUOYZcnF/3ID0lulOJi/bafxa1xPe7ZPsammBSpjSWQkjNxlt635YGS2MiR9GjvuXCtz2emr3jbsz98g==",
      "license": "MIT"
    },
    "node_modules/player.style": {
      "version": "0.3.4",
      "resolved": "https://registry.npmjs.org/player.style/-/player.style-0.3.4.tgz",
      "integrity": "sha512-5O9bkbq0APQIkhptyZwp0gUgheCeImGPFo4hvPF2M5xBmgsUYzsUPHCfMye2xyeRE1zvQBKtziaC3jPgnHE1tw==",
      "license": "MIT",
      "workspaces": [
        ".",
        "site",
        "examples/*",
        "scripts/*",
        "themes/*"
      ],
      "dependencies": {
        "media-chrome": "~4.19.0"
      }
    },
    "node_modules/prop-types": {
      "version": "15.8.1",
      "resolved": "https://registry.npmjs.org/prop-types/-/prop-types-15.8.1.tgz",
      "integrity": "sha512-oj87CgZICdulUohogVAR7AjlC0327U4el4L6eAvOqCeudMDVU0NThNaV+b9Df4dXgSP1gXMTnPdhfe/2qDH5cg==",
      "license": "MIT",
      "dependencies": {
        "loose-envify": "^1.4.0",
        "object-assign": "^4.1.1",
        "react-is": "^16.13.1"
      }
    },
    "node_modules/react": {
      "version": "19.2.7",
      "resolved": "https://registry.npmjs.org/react/-/react-19.2.7.tgz",
      "integrity": "sha512-HNe9WslTbXmFK8o8cmwgAeJFSBvt1bPdHCVKtaaV+WlAN36mpT4hcRpwbf3fY56ar2oIXzsBpOAiIRHAdY0OlQ==",
      "license": "MIT",
      "peer": true,
      "engines": {
        "node": ">=0.10.0"
      }
    },
    "node_modules/react-dom": {
      "version": "19.2.7",
      "resolved": "https://registry.npmjs.org/react-dom/-/react-dom-19.2.7.tgz",
      "integrity": "sha512-t0BRVXvbiE/o20Hfw669rLbMCDWtYZLvmJigy2f0MxsXF+71pxhR3xOkspmsO8h3ZlNzyibAmtCa3l4lYKk6gQ==",
      "license": "MIT",
      "peer": true,
      "dependencies": {
        "scheduler": "^0.27.0"
      },
      "peerDependencies": {
        "react": "^19.2.7"
      }
    },
    "node_modules/react-is": {
      "version": "16.13.1",
      "resolved": "https://registry.npmjs.org/react-is/-/react-is-16.13.1.tgz",
      "integrity": "sha512-24e6ynE2H+OKt4kqsOvNd8kBpV65zoxbA4BVsEOB3ARVWQki/DHzaUoC5KuON/BiccDaCCTZBuOcfZs70kR8bQ==",
      "license": "MIT"
    },
    "node_modules/react-player": {
      "version": "3.4.0",
      "resolved": "https://registry.npmjs.org/react-player/-/react-player-3.4.0.tgz",
      "integrity": "sha512-QpQSHXtnMBKjQVNeaCYMtTVcynWQ0DDDhz/FJu1OR9PHLC1Aih94UqNstywzSHbJ6Oc7lI8/7kDDqcIvyTI6zQ==",
      "license": "MIT",
      "dependencies": {
        "@mux/mux-player-react": "^3.8.0",
        "cloudflare-video-element": "^1.3.4",
        "dash-video-element": "^0.3.0",
        "hls-video-element": "^1.5.9",
        "spotify-audio-element": "^1.0.3",
        "tiktok-video-element": "^0.1.1",
        "twitch-video-element": "^0.1.5",
        "vimeo-video-element": "^1.6.1",
        "wistia-video-element": "^1.3.5",
        "youtube-video-element": "^1.8.0"
      },
      "peerDependencies": {
        "@types/react": "^17.0.0 || ^18 || ^19",
        "react": "^17.0.2 || ^18 || ^19",
        "react-dom": "^17.0.2 || ^18 || ^19"
      }
    },
    "node_modules/sax": {
      "version": "1.2.1",
      "resolved": "https://registry.npmjs.org/sax/-/sax-1.2.1.tgz",
      "integrity": "sha512-8I2a3LovHTOpm7NV5yOyO8IHqgVsfK4+UuySrXU8YXkSRX7k6hCV9b3HrkKCr3nMpgj+0bmocaJJWpvp1oc7ZA==",
      "license": "ISC"
    },
    "node_modules/scheduler": {
      "version": "0.27.0",
      "resolved": "https://registry.npmjs.org/scheduler/-/scheduler-0.27.0.tgz",
      "integrity": "sha512-eNv+WrVbKu1f3vbYJT/xtiF5syA5HPIMtf9IgY/nKg0sWqzAUEvqY/xm7OcZc/qafLx/iO9FgOmeSAp4v5ti/Q==",
      "license": "MIT",
      "peer": true
    },
    "node_modules/spotify-audio-element": {
      "version": "1.0.4",
      "resolved": "https://registry.npmjs.org/spotify-audio-element/-/spotify-audio-element-1.0.4.tgz",
      "integrity": "sha512-QdKrJPkYCzaNwwz2vN2eDGyoW0KmQFmnwVprB41mpMzj4qujbqr6pegEchQeTn0b5PceKiLoVu0pp2QDpTcWnw==",
      "license": "MIT"
    },
    "node_modules/super-media-element": {
      "version": "1.4.2",
      "resolved": "https://registry.npmjs.org/super-media-element/-/super-media-element-1.4.2.tgz",
      "integrity": "sha512-9pP/CVNp4NF2MNlRzLwQkjiTgKKe9WYXrLh9+8QokWmMxz+zt2mf1utkWLco26IuA3AfVcTb//qtlTIjY3VHxA==",
      "license": "MIT"
    },
    "node_modules/tiktok-video-element": {
      "version": "0.1.2",
      "resolved": "https://registry.npmjs.org/tiktok-video-element/-/tiktok-video-element-0.1.2.tgz",
      "integrity": "sha512-w6TboLm236XJKKiIXIhCbYCnUxbixBbaAoty0etaEAZ/2kHkVIdfZdv2oouMU/HGMsWCHI/VjQ3wU3MJ+s192Q==",
      "license": "MIT"
    },
    "node_modules/twitch-video-element": {
      "version": "0.1.6",
      "resolved": "https://registry.npmjs.org/twitch-video-element/-/twitch-video-element-0.1.6.tgz",
      "integrity": "sha512-X7l8gy+DEFKJ/EztUwaVnAYwQN9fUJxPkOVJj2sE62sGvGU4DNLyvmOsmVulM+8Plc5dMg6hYIMNRAPaH+39Uw==",
      "license": "MIT"
    },
    "node_modules/vimeo-video-element": {
      "version": "1.7.2",
      "resolved": "https://registry.npmjs.org/vimeo-video-element/-/vimeo-video-element-1.7.2.tgz",
      "integrity": "sha512-7QM7fvSZvTTSq4igxBuO6Gc+0u3Exgk4IaLNixVzilCPzHEf7SN8b6YLXSM5QCs0ineTJI4XjiUCSoIbabHvwg==",
      "license": "MIT",
      "dependencies": {
        "@vimeo/player": "2.29.0",
        "media-played-ranges-mixin": "^0.1.0"
      }
    },
    "node_modules/weakmap-polyfill": {
      "version": "2.0.4",
      "resolved": "https://registry.npmjs.org/weakmap-polyfill/-/weakmap-polyfill-2.0.4.tgz",
      "integrity": "sha512-ZzxBf288iALJseijWelmECm/1x7ZwQn3sMYIkDr2VvZp7r6SEKuT8D0O9Wiq6L9Nl5mazrOMcmiZE/2NCenaxw==",
      "license": "MIT",
      "engines": {
        "node": ">=8.10.0"
      }
    },
    "node_modules/wistia-video-element": {
      "version": "1.4.0",
      "resolved": "https://registry.npmjs.org/wistia-video-element/-/wistia-video-element-1.4.0.tgz",
      "integrity": "sha512-udI8/yiMZ+KIGwYK1qNOFiXl+s/wffiY+XkwTXlBFICZylFalOS0QYEQqYOmuBsm3jNfGUS4O50tLuN7Ejqm3A==",
      "license": "MIT",
      "dependencies": {
        "super-media-element": "~1.4.2"
      }
    },
    "node_modules/youtube-video-element": {
      "version": "1.9.0",
      "resolved": "https://registry.npmjs.org/youtube-video-element/-/youtube-video-element-1.9.0.tgz",
      "integrity": "sha512-Hh0dbQM+FVlUaYUbpYkZNUvdKxTNcSNvTGzkQKYShltnX+LRHEp2eYvC2Zm43eU8Np+CBZuoNR2i+seCYzzAyg==",
      "license": "MIT",
      "dependencies": {
        "media-played-ranges-mixin": "^0.1.0"
      }
    }
  }
}
